// !$*UTF8*$!
{
	archiveVersion = 1;
	classes = {
	};
	objectVersion = 50;
	objects = {

/* Begin PBXBuildFile section */
		D9F728882357429800604FE8 /* AppDelegate.swift in Sources */ = {isa = PBXBuildFile; fileRef = D9F728872357429800604FE8 /* AppDelegate.swift */; };
		D9F7288A2357429800604FE8 /* SceneDelegate.swift in Sources */ = {isa = PBXBuildFile; fileRef = D9F728892357429800604FE8 /* SceneDelegate.swift */; };
		D9F7288C2357429800604FE8 /* ViewController.swift in Sources */ = {isa = PBXBuildFile; fileRef = D9F7288B2357429800604FE8 /* ViewController.swift */; };
		D9F7288F2357429800604FE8 /* Main.storyboard in Resources */ = {isa = PBXBuildFile; fileRef = D9F7288D2357429800604FE8 /* Main.storyboard */; };
		D9F728912357429900604FE8 /* Assets.xcassets in Resources */ = {isa = PBXBuildFile; fileRef = D9F728902357429900604FE8 /* Assets.xcassets */; };
		D9F728942357429900604FE8 /* LaunchScreen.storyboard in Resources */ = {isa = PBXBuildFile; fileRef = D9F728922357429900604FE8 /* LaunchScreen.storyboard */; };
		D9F7289F2357429900604FE8 /* expadTableCellTests.swift in Sources */ = {isa = PBXBuildFile; fileRef = D9F7289E2357429900604FE8 /* expadTableCellTests.swift */; };
		D9F728AA2357429A00604FE8 /* expadTableCellUITests.swift in Sources */ = {isa = PBXBuildFile; fileRef = D9F728A92357429A00604FE8 /* expadTableCellUITests.swift */; };
		D9F728BA235742C500604FE8 /* CellTempTableViewCell.swift in Sources */ = {isa = PBXBuildFile; fileRef = D9F728B8235742C500604FE8 /* CellTempTableViewCell.swift */; };
		D9F728BB235742C500604FE8 /* CellTempTableViewCell.xib in Resources */ = {isa = PBXBuildFile; fileRef = D9F728B9235742C500604FE8 /* CellTempTableViewCell.xib */; };
/* End PBXBuildFile section */

/* Begin PBXContainerItemProxy section */
		D9F7289B2357429900604FE8 /* PBXContainerItemProxy */ = {
			isa = PBXContainerItemProxy;
			containerPortal = D9F7287C2357429800604FE8 /* Project object */;
			proxyType = 1;
			remoteGlobalIDString = D9F728832357429800604FE8;
			remoteInfo = expadTableCell;
		};
		D9F728A62357429A00604FE8 /* PBXContainerItemProxy */ = {
			isa = PBXContainerItemProxy;
			containerPortal = D9F7287C2357429800604FE8 /* Project object */;
			proxyType = 1;
			remoteGlobalIDString = D9F728832357429800604FE8;
			remoteInfo = expadTableCell;
		};
/* End PBXContainerItemProxy section */

/* Begin PBXFileReference section */
		D9F728842357429800604FE8 /* expadTableCell.app */ = {isa = PBXFileReference; explicitFileType = wrapper.application; includeInIndex = 0; path = expadTableCell.app; sourceTree = BUILT_PRODUCTS_DIR; };
		D9F728872357429800604FE8 /* AppDelegate.swift */ = {isa = PBXFileReference; lastKnownFileType = sourcecode.swift; path = AppDelegate.swift; sourceTree = "<group>"; };
		D9F728892357429800604FE8 /* SceneDelegate.swift */ = {isa = PBXFileReference; lastKnownFileType = sourcecode.swift; path = SceneDelegate.swift; sourceTree = "<group>"; };
		D9F7288B2357429800604FE8 /* ViewController.swift */ = {isa = PBXFileReference; lastKnownFileType = sourcecode.swift; path = ViewController.swift; sourceTree = "<group>"; };
		D9F7288E2357429800604FE8 /* Base */ = {isa = PBXFileReference; lastKnownFileType = file.storyboard; name = Base; path = Base.lproj/Main.storyboard; sourceTree = "<group>"; };
		D9F728902357429900604FE8 /* Assets.xcassets */ = {isa = PBXFileReference; lastKnownFileType = folder.assetcatalog; path = Assets.xcassets; sourceTree = "<group>"; };
		D9F728932357429900604FE8 /* Base */ = {isa = PBXFileReference; lastKnownFileType = file.storyboard; name = Base; path = Base.lproj/LaunchScreen.storyboard; sourceTree = "<group>"; };
		D9F728952357429900604FE8 /* Info.plist */ = {isa = PBXFileReference; lastKnownFileType = text.plist.xml; path = Info.plist; sourceTree = "<group>"; };
		D9F7289A2357429900604FE8 /* expadTableCellTests.xctest */ = {isa = PBXFileReference; explicitFileType = wrapper.cfbundle; includeInIndex = 0; path = expadTableCellTests.xctest; sourceTree = BUILT_PRODUCTS_DIR; };
		D9F7289E2357429900604FE8 /* expadTableCellTests.swift */ = {isa = PBXFileReference; lastKnownFileType = sourcecode.swift; path = expadTableCellTests.swift; sourceTree = "<group>"; };
		D9F728A02357429900604FE8 /* Info.plist */ = {isa = PBXFileReference; lastKnownFileType = text.plist.xml; path = Info.plist; sourceTree = "<group>"; };
		D9F728A52357429A00604FE8 /* expadTableCellUITests.xctest */ = {isa = PBXFileReference; explicitFileType = wrapper.cfbundle; includeInIndex = 0; path = expadTableCellUITests.xctest; sourceTree = BUILT_PRODUCTS_DIR; };
		D9F728A92357429A00604FE8 /* expadTableCellUITests.swift */ = {isa = PBXFileReference; lastKnownFileType = sourcecode.swift; path = expadTableCellUITests.swift; sourceTree = "<group>"; };
		D9F728AB2357429A00604FE8 /* Info.plist */ = {isa = PBXFileReference; lastKnownFileType = text.plist.xml; path = Info.plist; sourceTree = "<group>"; };
		D9F728B8235742C500604FE8 /* CellTempTableViewCell.swift */ = {isa = PBXFileReference; lastKnownFileType = sourcecode.swift; path = CellTempTableViewCell.swift; sourceTree = "<group>"; };
		D9F728B9235742C500604FE8 /* CellTempTableViewCell.xib */ = {isa = PBXFileReference; lastKnownFileType = file.xib; path = CellTempTableViewCell.xib; sourceTree = "<group>"; };
/* End PBXFileReference section */

/* Begin PBXFrameworksBuildPhase section */
		D9F728812357429800604FE8 /* Frameworks */ = {
			isa = PBXFrameworksBuildPhase;
			buildActionMask = 2147483647;
			files = (
			);
			runOnlyForDeploymentPostprocessing = 0;
		};
		D9F728972357429900604FE8 /* Frameworks */ = {
			isa = PBXFrameworksBuildPhase;
			buildActionMask = 2147483647;
			files = (
			);
			runOnlyForDeploymentPostprocessing = 0;
		};
		D9F728A22357429A00604FE8 /* Frameworks */ = {
			isa = PBXFrameworksBuildPhase;
			buildActionMask = 2147483647;
			files = (
			);
			runOnlyForDeploymentPostprocessing = 0;
		};
/* End PBXFrameworksBuildPhase section */

/* Begin PBXGroup section */
		D9F7287B2357429800604FE8 = {
			isa = PBXGroup;
			children = (
				D9F728862357429800604FE8 /* expadTableCell */,
				D9F7289D2357429900604FE8 /* expadTableCellTests */,
				D9F728A82357429A00604FE8 /* expadTableCellUITests */,
				D9F728852357429800604FE8 /* Products */,
			);
			sourceTree = "<group>";
		};
		D9F728852357429800604FE8 /* Products */ = {
			isa = PBXGroup;
			children = (
				D9F728842357429800604FE8 /* expadTableCell.app */,
				D9F7289A2357429900604FE8 /* expadTableCellTests.xctest */,
				D9F728A52357429A00604FE8 /* expadTableCellUITests.xctest */,
			);
			name = Products;
			sourceTree = "<group>";
		};
		D9F728862357429800604FE8 /* expadTableCell */ = {
			isa = PBXGroup;
			children = (
				D9F728B7235742B500604FE8 /* Cell */,
				D9F728872357429800604FE8 /* AppDelegate.swift */,
				D9F728892357429800604FE8 /* SceneDelegate.swift */,
				D9F7288B2357429800604FE8 /* ViewController.swift */,
				D9F7288D2357429800604FE8 /* Main.storyboard */,
				D9F728902357429900604FE8 /* Assets.xcassets */,
				D9F728922357429900604FE8 /* LaunchScreen.storyboard */,
				D9F728952357429900604FE8 /* Info.plist */,
			);
			path = expadTableCell;
			sourceTree = "<group>";
		};
		D9F7289D2357429900604FE8 /* expadTableCellTests */ = {
			isa = PBXGroup;
			children = (
				D9F7289E2357429900604FE8 /* expadTableCellTests.swift */,
				D9F728A02357429900604FE8 /* Info.plist */,
			);
			path = expadTableCellTests;
			sourceTree = "<group>";
		};
		D9F728A82357429A00604FE8 /* expadTableCellUITests */ = {
			isa = PBXGroup;
			children = (
				D9F728A92357429A00604FE8 /* expadTableCellUITests.swift */,
				D9F728AB2357429A00604FE8 /* Info.plist */,
			);
			path = expadTableCellUITests;
			sourceTree = "<group>";
		};
		D9F728B7235742B500604FE8 /* Cell */ = {
			isa = PBXGroup;
			children = (
				D9F728B8235742C500604FE8 /* CellTempTableViewCell.swift */,
				D9F728B9235742C500604FE8 /* CellTempTableViewCell.xib */,
			);
			path = Cell;
			sourceTree = "<group>";
		};
/* End PBXGroup section */

/* Begin PBXNativeTarget section */
		D9F728832357429800604FE8 /* expadTableCell */ = {
			isa = PBXNativeTarget;
			buildConfigurationList = D9F728AE2357429A00604FE8 /* Build configuration list for PBXNativeTarget "expadTableCell" */;
			buildPhases = (
				D9F728802357429800604FE8 /* Sources */,
				D9F728812357429800604FE8 /* Frameworks */,
				D9F728822357429800604FE8 /* Resources */,
			);
			buildRules = (
			);
			dependencies = (
			);
			name = expadTableCell;
			productName = expadTableCell;
			productReference = D9F728842357429800604FE8 /* expadTableCell.app */;
			productType = "com.apple.product-type.application";
		};
		D9F728992357429900604FE8 /* expadTableCellTests */ = {
			isa = PBXNativeTarget;
			buildConfigurationList = D9F728B12357429A00604FE8 /* Build configuration list for PBXNativeTarget "expadTableCellTests" */;
			buildPhases = (
				D9F728962357429900604FE8 /* Sources */,
				D9F728972357429900604FE8 /* Frameworks */,
				D9F728982357429900604FE8 /* Resources */,
			);
			buildRules = (
			);
			dependencies = (
				D9F7289C2357429900604FE8 /* PBXTargetDependency */,
			);
			name = expadTableCellTests;
			productName = expadTableCellTests;
			productReference = D9F7289A2357429900604FE8 /* expadTableCellTests.xctest */;
			productType = "com.apple.product-type.bundle.unit-test";
		};
		D9F728A42357429A00604FE8 /* expadTableCellUITests */ = {
			isa = PBXNativeTarget;
			buildConfigurationList = D9F728B42357429A00604FE8 /* Build configuration list for PBXNativeTarget "expadTableCellUITests" */;
			buildPhases = (
				D9F728A12357429A00604FE8 /* Sources */,
				D9F728A22357429A00604FE8 /* Frameworks */,
				D9F728A32357429A00604FE8 /* Resources */,
			);
			buildRules = (
			);
			dependencies = (
				D9F728A72357429A00604FE8 /* PBXTargetDependency */,
			);
			name = expadTableCellUITests;
			productName = expadTableCellUITests;
			productReference = D9F728A52357429A00604FE8 /* expadTableCellUITests.xctest */;
			productType = "com.apple.product-type.bundle.ui-testing";
		};
/* End PBXNativeTarget section */

/* Begin PBXProject section */
		D9F7287C2357429800604FE8 /* Project object */ = {
			isa = PBXProject;
			attributes = {
				LastSwiftUpdateCheck = 1100;
				LastUpgradeCheck = 1100;
				ORGANIZATIONNAME = "humberto Lima";
				TargetAttributes = {
					D9F728832357429800604FE8 = {
						CreatedOnToolsVersion = 11.0;
					};
					D9F728992357429900604FE8 = {
						CreatedOnToolsVersion = 11.0;
						TestTargetID = D9F728832357429800604FE8;
					};
					D9F728A42357429A00604FE8 = {
						CreatedOnToolsVersion = 11.0;
						TestTargetID = D9F728832357429800604FE8;
					};
				};
			};
			buildConfigurationList = D9F7287F2357429800604FE8 /* Build configuration list for PBXProject "expadTableCell" */;
			compatibilityVersion = "Xcode 9.3";
			developmentRegion = en;
			hasScannedForEncodings = 0;
			knownRegions = (
				en,
				Base,
			);
			mainGroup = D9F7287B2357429800604FE8;
			productRefGroup = D9F728852357429800604FE8 /* Products */;
			projectDirPath = "";
			projectRoot = "";
			targets = (
				D9F728832357429800604FE8 /* expadTableCell */,
				D9F728992357429900604FE8 /* expadTableCellTests */,
				D9F728A42357429A00604FE8 /* expadTableCellUITests */,
			);
		};
/* End PBXProject section */

/* Begin PBXResourcesBuildPhase section */
		D9F728822357429800604FE8 /* Resources */ = {
			isa = PBXResourcesBuildPhase;
			buildActionMask = 2147483647;
			files = (
				D9F728942357429900604FE8 /* LaunchScreen.storyboard in Resources */,
				D9F728912357429900604FE8 /* Assets.xcassets in Resources */,
				D9F7288F2357429800604FE8 /* Main.storyboard in Resources */,
				D9F728BB235742C500604FE8 /* CellTempTableViewCell.xib in Resources */,
			);
			runOnlyForDeploymentPostprocessing = 0;
		};
		D9F728982357429900604FE8 /* Resources */ = {
			isa = PBXResourcesBuildPhase;
			buildActionMask = 2147483647;
			files = (
			);
			runOnlyForDeploymentPostprocessing = 0;
		};
		D9F728A32357429A00604FE8 /* Resources */ = {
			isa = PBXResourcesBuildPhase;
			buildActionMask = 2147483647;
			files = (
			);
			runOnlyForDeploymentPostprocessing = 0;
		};
/* End PBXResourcesBuildPhase section */

/* Begin PBXSourcesBuildPhase section */
		D9F728802357429800604FE8 /* Sources */ = {
			isa = PBXSourcesBuildPhase;
			buildActionMask = 2147483647;
			files = (
				D9F7288C2357429800604FE8 /* ViewController.swift in Sources */,
				D9F728882357429800604FE8 /* AppDelegate.swift in Sources */,
				D9F7288A2357429800604FE8 /* SceneDelegate.swift in Sources */,
				D9F728BA235742C500604FE8 /* CellTempTableViewCell.swift in Sources */,
			);
			runOnlyForDeploymentPostprocessing = 0;
		};
		D9F728962357429900604FE8 /* Sources */ = {
			isa = PBXSourcesBuildPhase;
			buildActionMask = 2147483647;
			files = (
				D9F7289F2357429900604FE8 /* expadTableCellTests.swift in Sources */,
			);
			runOnlyForDeploymentPostprocessing = 0;
		};
		D9F728A12357429A00604FE8 /* Sources */ = {
			isa = PBXSourcesBuildPhase;
			buildActionMask = 2147483647;
			files = (
				D9F728AA2357429A00604FE8 /* expadTableCellUITests.swift in Sources */,
			);
			runOnlyForDeploymentPostprocessing = 0;
		};
/* End PBXSourcesBuildPhase section */

/* Begin PBXTargetDependency section */
		D9F7289C2357429900604FE8 /* PBXTargetDependency */ = {
			isa = PBXTargetDependency;
			target = D9F728832357429800604FE8 /* expadTableCell */;
			targetProxy = D9F7289B2357429900604FE8 /* PBXContainerItemProxy */;
		};
		D9F728A72357429A00604FE8 /* PBXTargetDependency */ = {
			isa = PBXTargetDependency;
			target = D9F728832357429800604FE8 /* expadTableCell */;
			targetProxy = D9F728A62357429A00604FE8 /* PBXContainerItemProxy */;
		};
/* End PBXTargetDependency section */

/* Begin PBXVariantGroup section */
		D9F7288D2357429800604FE8 /* Main.storyboard */ = {
			isa = PBXVariantGroup;
			children = (
				D9F7288E2357429800604FE8 /* Base */,
			);
			name = Main.storyboard;
			sourceTree = "<group>";
		};
		D9F728922357429900604FE8 /* LaunchScreen.storyboard */ = {
			isa = PBXVariantGroup;
			children = (
				D9F728932357429900604FE8 /* Base */,
			);
			name = LaunchScreen.storyboard;
			sourceTree = "<group>";
		};
/* End PBXVariantGroup section */

/* Begin XCBuildConfiguration section */
		D9F728AC2357429A00604FE8 /* Debug */ = {
			isa = XCBuildConfiguration;
			buildSettings = {
				ALWAYS_SEARCH_USER_PATHS = NO;
				CLANG_ANALYZER_NONNULL = YES;
				CLANG_ANALYZER_NUMBER_OBJECT_CONVERSION = YES_AGGRESSIVE;
				CLANG_CXX_LANGUAGE_STANDARD = "gnu++14";
				CLANG_CXX_LIBRARY = "libc++";
				CLANG_ENABLE_MODULES = YES;
				CLANG_ENABLE_OBJC_ARC = YES;
				CLANG_ENABLE_OBJC_WEAK = YES;
				CLANG_WARN_BLOCK_CAPTURE_AUTORELEASING = YES;
				CLANG_WARN_BOOL_CONVERSION = YES;
				CLANG_WARN_COMMA = YES;
				CLANG_WARN_CONSTANT_CONVERSION = YES;
				CLANG_WARN_DEPRECATED_OBJC_IMPLEMENTATIONS = YES;
				CLANG_WARN_DIRECT_OBJC_ISA_USAGE = YES_ERROR;
				CLANG_WARN_DOCUMENTATION_COMMENTS = YES;
				CLANG_WARN_EMPTY_BODY = YES;
				CLANG_WARN_ENUM_CONVERSION = YES;
				CLANG_WARN_INFINITE_RECURSION = YES;
				CLANG_WARN_INT_CONVERSION = YES;
				CLANG_WARN_NON_LITERAL_NULL_CONVERSION = YES;
				CLANG_WARN_OBJC_IMPLICIT_RETAIN_SELF = YES;
				CLANG_WARN_OBJC_LITERAL_CONVERSION = YES;
				CLANG_WARN_OBJC_ROOT_CLASS = YES_ERROR;
				CLANG_WARN_RANGE_LOOP_ANALYSIS = YES;
				CLANG_WARN_STRICT_PROTOTYPES = YES;
				CLANG_WARN_SUSPICIOUS_MOVE = YES;
				CLANG_WARN_UNGUARDED_AVAILABILITY = YES_AGGRESSIVE;
				CLANG_WARN_UNREACHABLE_CODE = YES;
				CLANG_WARN__DUPLICATE_METHOD_MATCH = YES;
				COPY_PHASE_STRIP = NO;
				DEBUG_INFORMATION_FORMAT = dwarf;
				ENABLE_STRICT_OBJC_MSGSEND = YES;
				ENABLE_TESTABILITY = YES;
				GCC_C_LANGUAGE_STANDARD = gnu11;
				GCC_DYNAMIC_NO_PIC = NO;
				GCC_NO_COMMON_BLOCKS = YES;
				GCC_OPTIMIZATION_LEVEL = 0;
				GCC_PREPROCESSOR_DEFINITIONS = (
					"DEBUG=1",
					"$(inherited)",
				);
				GCC_WARN_64_TO_32_BIT_CONVERSION = YES;
				GCC_WARN_ABOUT_RETURN_TYPE = YES_ERROR;
				GCC_WARN_UNDECLARED_SELECTOR = YES;
				GCC_WARN_UNINITIALIZED_AUTOS = YES_AGGRESSIVE;
				GCC_WARN_UNUSED_FUNCTION = YES;
				GCC_WARN_UNUSED_VARIABLE = YES;
				IPHONEOS_DEPLOYMENT_TARGET = 13.0;
				MTL_ENABLE_DEBUG_INFO = INCLUDE_SOURCE;
				MTL_FAST_MATH = YES;
				ONLY_ACTIVE_ARCH = YES;
				SDKROOT = iphoneos;
				SWIFT_ACTIVE_COMPILATION_CONDITIONS = DEBUG;
				SWIFT_OPTIMIZATION_LEVEL = "-Onone";
			};
			name = Debug;
		};
		D9F728AD2357429A00604FE8 /* Release */ = {
			isa = XCBuildConfiguration;
			buildSettings = {
				ALWAYS_SEARCH_USER_PATHS = NO;
				CLANG_ANALYZER_NONNULL = YES;
				CLANG_ANALYZER_NUMBER_OBJECT_CONVERSION = YES_AGGRESSIVE;
				CLANG_CXX_LANGUAGE_STANDARD = "gnu++14";
				CLANG_CXX_LIBRARY = "libc++";
				CLANG_ENABLE_MODULES = YES;
				CLANG_ENABLE_OBJC_ARC = YES;
				CLANG_ENABLE_OBJC_WEAK = YES;
				CLANG_WARN_BLOCK_CAPTURE_AUTORELEASING = YES;
				CLANG_WARN_BOOL_CONVERSION = YES;
				CLANG_WARN_COMMA = YES;
				CLANG_WARN_CONSTANT_CONVERSION = YES;
				CLANG_WARN_DEPRECATED_OBJC_IMPLEMENTATIONS = YES;
				CLANG_WARN_DIRECT_OBJC_ISA_USAGE = YES_ERROR;
				CLANG_WARN_DOCUMENTATION_COMMENTS = YES;
				CLANG_WARN_EMPTY_BODY = YES;
				CLANG_WARN_ENUM_CONVERSION = YES;
				CLANG_WARN_INFINITE_RECURSION = YES;
				CLANG_WARN_INT_CONVERSION = YES;
				CLANG_WARN_NON_LITERAL_NULL_CONVERSION = YES;
				CLANG_WARN_OBJC_IMPLICIT_RETAIN_SELF = YES;
				CLANG_WARN_OBJC_LITERAL_CONVERSION = YES;
				CLANG_WARN_OBJC_ROOT_CLASS = YES_ERROR;
				CLANG_WARN_RANGE_LOOP_ANALYSIS = YES;
				CLANG_WARN_STRICT_PROTOTYPES = YES;
				CLANG_WARN_SUSPICIOUS_MOVE = YES;
				CLANG_WARN_UNGUARDED_AVAILABILITY = YES_AGGRESSIVE;
				CLANG_WARN_UNREACHABLE_CODE = YES;
				CLANG_WARN__DUPLICATE_METHOD_MATCH = YES;
				COPY_PHASE_STRIP = NO;
				DEBUG_INFORMATION_FORMAT = "dwarf-with-dsym";
				ENABLE_NS_ASSERTIONS = NO;
				ENABLE_STRICT_OBJC_MSGSEND = YES;
				GCC_C_LANGUAGE_STANDARD = gnu11;
				GCC_NO_COMMON_BLOCKS = YES;
				GCC_WARN_64_TO_32_BIT_CONVERSION = YES;
				GCC_WARN_ABOUT_RETURN_TYPE = YES_ERROR;
				GCC_WARN_UNDECLARED_SELECTOR = YES;
				GCC_WARN_UNINITIALIZED_AUTOS = YES_AGGRESSIVE;
				GCC_WARN_UNUSED_FUNCTION = YES;
				GCC_WARN_UNUSED_VARIABLE = YES;
				IPHONEOS_DEPLOYMENT_TARGET = 13.0;
				MTL_ENABLE_DEBUG_INFO = NO;
				MTL_FAST_MATH = YES;
				SDKROOT = iphoneos;
				SWIFT_COMPILATION_MODE = wholemodule;
				SWIFT_OPTIMIZATION_LEVEL = "-O";
				VALIDATE_PRODUCT = YES;
			};
			name = Release;
		};
		D9F728AF2357429A00604FE8 /* Debug */ = {
			isa = XCBuildConfiguration;
			buildSettings = {
				ASSETCATALOG_COMPILER_APPICON_NAME = AppIcon;
				CODE_SIGN_STYLE = Automatic;
				INFOPLIST_FILE = expadTableCell/Info.plist;
				LD_RUNPATH_SEARCH_PATHS = (
					"$(inherited)",
					"@executable_path/Frameworks",
				);
				PRODUCT_BUNDLE_IDENTIFIER = com.br.expadTableCell;
				PRODUCT_NAME = "$(TARGET_NAME)";
				SWIFT_VERSION = 5.0;
				TARGETED_DEVICE_FAMILY = "1,2";
			};
			name = Debug;
		};
		D9F728B02357429A00604FE8 /* Release */ = {
			isa = XCBuildConfiguration;
			buildSettings = {
				ASSETCATALOG_COMPILER_APPICON_NAME = AppIcon;
				CODE_SIGN_STYLE = Automatic;
				INFOPLIST_FILE = expadTableCell/Info.plist;
				LD_RUNPATH_SEARCH_PATHS = (
					"$(inherited)",
					"@executable_path/Frameworks",
				);
				PRODUCT_BUNDLE_IDENTIFIER = com.br.expadTableCell;
				PRODUCT_NAME = "$(TARGET_NAME)";
				SWIFT_VERSION = 5.0;
				TARGETED_DEVICE_FAMILY = "1,2";
			};
			name = Release;
		};
		D9F728B22357429A00604FE8 /* Debug */ = {
			isa = XCBuildConfiguration;
			buildSettings = {
				ALWAYS_EMBED_SWIFT_STANDARD_LIBRARIES = YES;
				BUNDLE_LOADER = "$(TEST_HOST)";
				CODE_SIGN_STYLE = Automatic;
				INFOPLIST_FILE = expadTableCellTests/Info.plist;
				IPHONEOS_DEPLOYMENT_TARGET = 13.0;
				LD_RUNPATH_SEARCH_PATHS = (
					"$(inherited)",
					"@executable_path/Frameworks",
					"@loader_path/Frameworks",
				);
				PRODUCT_BUNDLE_IDENTIFIER = com.br.expadTableCellTests;
				PRODUCT_NAME = "$(TARGET_NAME)";
				SWIFT_VERSION = 5.0;
				TARGETED_DEVICE_FAMILY = "1,2";
				TEST_HOST = "$(BUILT_PRODUCTS_DIR)/expadTableCell.app/expadTableCell";
			};
			name = Debug;
		};
		D9F728B32357429A00604FE8 /* Release */ = {
			isa = XCBuildConfiguration;
			buildSettings = {
				ALWAYS_EMBED_SWIFT_STANDARD_LIBRARIES = YES;
				BUNDLE_LOADER = "$(TEST_HOST)";
				CODE_SIGN_STYLE = Automatic;
				INFOPLIST_FILE = expadTableCellTests/Info.plist;
				IPHONEOS_DEPLOYMENT_TARGET = 13.0;
				LD_RUNPATH_SEARCH_PATHS = (
					"$(inherited)",
					"@executable_path/Frameworks",
					"@loader_path/Frameworks",
				);
				PRODUCT_BUNDLE_IDENTIFIER = com.br.expadTableCellTests;
				PRODUCT_NAME = "$(TARGET_NAME)";
				SWIFT_VERSION = 5.0;
				TARGETED_DEVICE_FAMILY = "1,2";
				TEST_HOST = "$(BUILT_PRODUCTS_DIR)/expadTableCell.app/expadTableCell";
			};
			name = Release;
		};
		D9F728B52357429A00604FE8 /* Debug */ = {
			isa = XCBuildConfiguration;
			buildSettings = {
				ALWAYS_EMBED_SWIFT_STANDARD_LIBRARIES = YES;
				CODE_SIGN_STYLE = Automatic;
				INFOPLIST_FILE = expadTableCellUITests/Info.plist;
				LD_RUNPATH_SEARCH_PATHS = (
					"$(inherited)",
					"@executable_path/Frameworks",
					"@loader_path/Frameworks",
				);
				PRODUCT_BUNDLE_IDENTIFIER = com.br.expadTableCellUITests;
				PRODUCT_NAME = "$(TARGET_NAME)";
				SWIFT_VERSION = 5.0;
				TARGETED_DEVICE_FAMILY = "1,2";
				TEST_TARGET_NAME = expadTableCell;
			};
			name = Debug;
		};
		D9F728B62357429A00604FE8 /* Release */ = {
			isa = XCBuildConfiguration;
			buildSettings = {
				ALWAYS_EMBED_SWIFT_STANDARD_LIBRARIES = YES;
				CODE_SIGN_STYLE = Automatic;
				INFOPLIST_FILE = expadTableCellUITests/Info.plist;
				LD_RUNPATH_SEARCH_PATHS = (
					"$(inherited)",
					"@executable_path/Frameworks",
					"@loader_path/Frameworks",
				);
				PRODUCT_BUNDLE_IDENTIFIER = com.br.expadTableCellUITests;
				PRODUCT_NAME = "$(TARGET_NAME)";
				SWIFT_VERSION = 5.0;
				TARGETED_DEVICE_FAMILY = "1,2";
				TEST_TARGET_NAME = expadTableCell;
			};
			name = Release;
		};
/* End XCBuildConfiguration section */

/* Begin XCConfigurationList section */
		D9F7287F2357429800604FE8 /* Build configuration list for PBXProject "expadTableCell" */ = {
			isa = XCConfigurationList;
			buildConfigurations = (
				D9F728AC2357429A00604FE8 /* Debug */,
				D9F728AD2357429A00604FE8 /* Release */,
			);
			defaultConfigurationIsVisible = 0;
			defaultConfigurationName = Release;
		};
		D9F728AE2357429A00604FE8 /* Build configuration list for PBXNativeTarget "expadTableCell" */ = {
			isa = XCConfigurationList;
			buildConfigurations = (
				D9F728AF2357429A00604FE8 /* Debug */,
				D9F728B02357429A00604FE8 /* Release */,
			);
			defaultConfigurationIsVisible = 0;
			defaultConfigurationName = Release;
		};
		D9F728B12357429A00604FE8 /* Build configuration list for PBXNativeTarget "expadTableCellTests" */ = {
			isa = XCConfigurationList;
			buildConfigurations = (
				D9F728B22357429A00604FE8 /* Debug */,
				D9F728B32357429A00604FE8 /* Release */,
			);
			defaultConfigurationIsVisible = 0;
			defaultConfigurationName = Release;
		};
		D9F728B42357429A00604FE8 /* Build configuration list for PBXNativeTarget "expadTableCellUITests" */ = {
			isa = XCConfigurationList;
			buildConfigurations = (
				D9F728B52357429A00604FE8 /* Debug */,
				D9F728B62357429A00604FE8 /* Release */,
			);
			defaultConfigurationIsVisible = 0;
			defaultConfigurationName = Release;
		};
/* End XCConfigurationList section */
	};
	rootObject = D9F7287C2357429800604FE8 /* Project object */;
}
